<?xml version="1.0" encoding="utf-8"?>
<Project ToolsVersion="4.0" xmlns="http://schemas.microsoft.com/developer/msbuild/2003">
  <ItemGroup>
    <Filter Include="源文件">
      <UniqueIdentifier>{4FC737F1-C7A5-4376-A066-2A32D752A2FF}</UniqueIdentifier>
      <Extensions>cpp;c;cc;cxx;c++;cppm;ixx;def;odl;idl;hpj;bat;asm;asmx</Extensions>
    </Filter>
    <Filter Include="头文件">
      <UniqueIdentifier>{93995380-89BD-4b04-88EB-625FBE52EBFB}</UniqueIdentifier>
      <Extensions>h;hh;hpp;hxx;h++;hm;inl;inc;ipp;xsd</Extensions>
    </Filter>
    <Filter Include="资源文件">
      <UniqueIdentifier>{67DA6AB6-F800-4c08-8B7A-83BB121AAD01}</UniqueIdentifier>
      <Extensions>rc;ico;cur;bmp;dlg;rc2;rct;bin;rgs;gif;jpg;jpeg;jpe;resx;tiff;tif;png;wav;mfcribbon-ms</Extensions>
    </Filter>
    <Filter Include="源文件\experiment">
      <UniqueIdentifier>{1682c26b-9b6e-403f-bdde-96c46f658f9d}</UniqueIdentifier>
    </Filter>
  </ItemGroup>
  <ItemGroup>
    <ClCompile Include="main.cpp">
      <Filter>源文件</Filter>
    </ClCompile>
    <ClCompile Include="glad.c">
      <Filter>源文件</Filter>
    </ClCompile>
    <ClCompile Include="toynode.cpp">
      <Filter>源文件</Filter>
    </ClCompile>
    <ClCompile Include="model_node.cpp">
      <Filter>源文件</Filter>
    </ClCompile>
    <ClCompile Include="light_node.cpp">
      <Filter>源文件</Filter>
    </ClCompile>
    <ClCompile Include="camera_node.cpp">
      <Filter>源文件</Filter>
    </ClCompile>
    <ClCompile Include="toy3d.cpp">
      <Filter>源文件</Filter>
    </ClCompile>
    <ClCompile Include="stb_image_impl.cpp">
      <Filter>源文件</Filter>
    </ClCompile>
    <ClCompile Include="mesh_node.cpp">
      <Filter>源文件</Filter>
    </ClCompile>
    <ClCompile Include="experiment\multiple_lights.cpp">
      <Filter>源文件\experiment</Filter>
    </ClCompile>
    <ClCompile Include="experiment\outline.cpp">
      <Filter>源文件\experiment</Filter>
    </ClCompile>
    <ClCompile Include="experiment\tutorial.cpp">
      <Filter>源文件\experiment</Filter>
    </ClCompile>
    <ClCompile Include="experiment\skybox.cpp">
      <Filter>源文件\experiment</Filter>
    </ClCompile>
    <ClCompile Include="experiment\framebuffer.cpp">
      <Filter>源文件\experiment</Filter>
    </ClCompile>
  </ItemGroup>
  <ItemGroup>
    <ClInclude Include="include\toynode.h">
      <Filter>头文件</Filter>
    </ClInclude>
    <ClInclude Include="include\model_node.h">
      <Filter>头文件</Filter>
    </ClInclude>
    <ClInclude Include="include\light_node.h">
      <Filter>头文件</Filter>
    </ClInclude>
    <ClInclude Include="include\camera_node.h">
      <Filter>头文件</Filter>
    </ClInclude>
    <ClInclude Include="include\toy3d.h">
      <Filter>头文件</Filter>
    </ClInclude>
    <ClInclude Include="include\camera.h">
      <Filter>头文件</Filter>
    </ClInclude>
    <ClInclude Include="include\mesh.h">
      <Filter>头文件</Filter>
    </ClInclude>
    <ClInclude Include="include\shader.h">
      <Filter>头文件</Filter>
    </ClInclude>
    <ClInclude Include="include\mesh_node.h">
      <Filter>头文件</Filter>
    </ClInclude>
    <ClInclude Include="include\learn\tutorial.h">
      <Filter>头文件</Filter>
    </ClInclude>
  </ItemGroup>
  <ItemGroup>
    <None Include="resources\model.fs">
      <Filter>资源文件</Filter>
    </None>
    <None Include="resources\model.vs">
      <Filter>资源文件</Filter>
    </None>
    <None Include="resources\setcolor.fs">
      <Filter>资源文件</Filter>
    </None>
    <None Include="resources\settexture.fs">
      <Filter>资源文件</Filter>
    </None>
    <None Include="resources\framebuffer_quad.vs">
      <Filter>资源文件</Filter>
    </None>
    <None Include="resources\framebuffer_quad.fs">
      <Filter>资源文件</Filter>
    </None>
    <None Include="resources\skybox.fs">
      <Filter>资源文件</Filter>
    </None>
    <None Include="resources\skybox.vs">
      <Filter>资源文件</Filter>
    </None>
    <None Include="resources\skybox_reflect.fs">
      <Filter>资源文件</Filter>
    </None>
    <None Include="resources\skybox_reflect.vs">
      <Filter>资源文件</Filter>
    </None>
    <None Include="resources\skybox_refract.fs">
      <Filter>资源文件</Filter>
    </None>
  </ItemGroup>
</Project>